
Microsoft Visual Studio Solution File, Format Version 12.00
Project("{FAE04EC0-301F-11D3-BF4B-00C04F79EFBC}") = "ServerSideZip", "ServerSideZip\ServerSideZip.csproj", "{46462F4A-C448-4599-91F7-01FEE7701433}"
EndProject
Global
	GlobalSection(SolutionConfigurationPlatforms) = preSolution
		Debug|Any CPU = Debug|Any CPU
		Release|Any CPU = Release|Any CPU
	EndGlobalSection
	GlobalSection(ProjectConfigurationPlatforms) = postSolution
		{46462F4A-C448-4599-91F7-01FEE7701433}.Debug|Any CPU.ActiveCfg = Debug|Any CPU
		{46462F4A-C448-4599-91F7-01FEE7701433}.Debug|Any CPU.Build.0 = Debug|Any CPU
		{46462F4A-C448-4599-91F7-01FEE7701433}.Release|Any CPU.ActiveCfg = Release|Any CPU
		{46462F4A-C448-4599-91F7-01FEE7701433}.Release|Any CPU.Build.0 = Release|Any CPU
	EndGlobalSection
EndGlobal
